
Microsoft Visual Studio Solution File, Format Version 12.00
# Visual Studio Version 16
VisualStudioVersion = 16.0.30114.105
MinimumVisualStudioVersion = 15.0.26124.0
Project("{2150E333-8FDC-42A3-9474-1A3956D46DE8}") = "src", "src", "{F02DAD68-D55B-4565-A173-E987B88123FA}"
EndProject
Project("{9A19103F-16F7-4668-BE54-9A1E7A4F7556}") = "MyProject.Admin", "src\MyProject.Admin\MyProject.Admin.csproj", "{9F1F3CBB-D5C1-44C2-BC5B-DD053D59D92C}"
EndProject
Project("{9A19103F-16F7-4668-BE54-9A1E7A4F7556}") = "MyProject.STS.Identity", "src\MyProject.STS.Identity\MyProject.STS.Identity.csproj", "{CF7F63CA-CB85-41F6-9FC7-6AF2936CFAC2}"
EndProject
Project("{9A19103F-16F7-4668-BE54-9A1E7A4F7556}") = "MyProject.Admin.Api", "src\MyProject.Admin.Api\MyProject.Admin.Api.csproj", "{D458A80A-7816-4ED6-BB77-D541085C704C}"
EndProject
Project("{9A19103F-16F7-4668-BE54-9A1E7A4F7556}") = "MyProject.Admin.EntityFramework.Shared", "src\MyProject.Admin.EntityFramework.Shared\MyProject.Admin.EntityFramework.Shared.csproj", "{4977BB88-B3C9-4296-AB96-27C45B88E647}"
EndProject
Project("{9A19103F-16F7-4668-BE54-9A1E7A4F7556}") = "MyProject.Admin.EntityFramework.MySql", "src\MyProject.Admin.EntityFramework.MySql\MyProject.Admin.EntityFramework.MySql.csproj", "{D3CBA679-143C-4171-AC60-3129E90C2117}"
EndProject
Project("{9A19103F-16F7-4668-BE54-9A1E7A4F7556}") = "MyProject.Admin.EntityFramework.PostgreSQL", "src\MyProject.Admin.EntityFramework.PostgreSQL\MyProject.Admin.EntityFramework.PostgreSQL.csproj", "{4C92EECB-02F0-40C1-96E9-892737488CE3}"
EndProject
Project("{9A19103F-16F7-4668-BE54-9A1E7A4F7556}") = "MyProject.Admin.EntityFramework.SqlServer", "src\MyProject.Admin.EntityFramework.SqlServer\MyProject.Admin.EntityFramework.SqlServer.csproj", "{F83CCD08-B4A6-40FC-9E4B-7A4C043CF308}"
EndProject
Project("{9A19103F-16F7-4668-BE54-9A1E7A4F7556}") = "MyProject.Shared", "src\MyProject.Shared\MyProject.Shared.csproj", "{DDB46BDC-59A2-4C08-BC85-4FDBF5A7267E}"
EndProject
Project("{FAE04EC0-301F-11D3-BF4B-00C04F79EFBC}") = "TestMVC", "TestMVC\TestMVC.csproj", "{DD72228C-48C0-4CF6-9FF2-73121D1D2D05}"
EndProject
Global
	GlobalSection(SolutionConfigurationPlatforms) = preSolution
		Debug|Any CPU = Debug|Any CPU
		Debug|x64 = Debug|x64
		Debug|x86 = Debug|x86
		Release|Any CPU = Release|Any CPU
		Release|x64 = Release|x64
		Release|x86 = Release|x86
	EndGlobalSection
	GlobalSection(ProjectConfigurationPlatforms) = postSolution
		{9F1F3CBB-D5C1-44C2-BC5B-DD053D59D92C}.Debug|Any CPU.ActiveCfg = Debug|Any CPU
		{9F1F3CBB-D5C1-44C2-BC5B-DD053D59D92C}.Debug|Any CPU.Build.0 = Debug|Any CPU
		{9F1F3CBB-D5C1-44C2-BC5B-DD053D59D92C}.Debug|x64.ActiveCfg = Debug|Any CPU
		{9F1F3CBB-D5C1-44C2-BC5B-DD053D59D92C}.Debug|x64.Build.0 = Debug|Any CPU
		{9F1F3CBB-D5C1-44C2-BC5B-DD053D59D92C}.Debug|x86.ActiveCfg = Debug|Any CPU
		{9F1F3CBB-D5C1-44C2-BC5B-DD053D59D92C}.Debug|x86.Build.0 = Debug|Any CPU
		{9F1F3CBB-D5C1-44C2-BC5B-DD053D59D92C}.Release|Any CPU.ActiveCfg = Release|Any CPU
		{9F1F3CBB-D5C1-44C2-BC5B-DD053D59D92C}.Release|Any CPU.Build.0 = Release|Any CPU
		{9F1F3CBB-D5C1-44C2-BC5B-DD053D59D92C}.Release|x64.ActiveCfg = Release|Any CPU
		{9F1F3CBB-D5C1-44C2-BC5B-DD053D59D92C}.Release|x64.Build.0 = Release|Any CPU
		{9F1F3CBB-D5C1-44C2-BC5B-DD053D59D92C}.Release|x86.ActiveCfg = Release|Any CPU
		{9F1F3CBB-D5C1-44C2-BC5B-DD053D59D92C}.Release|x86.Build.0 = Release|Any CPU
		{CF7F63CA-CB85-41F6-9FC7-6AF2936CFAC2}.Debug|Any CPU.ActiveCfg = Debug|Any CPU
		{CF7F63CA-CB85-41F6-9FC7-6AF2936CFAC2}.Debug|Any CPU.Build.0 = Debug|Any CPU
		{CF7F63CA-CB85-41F6-9FC7-6AF2936CFAC2}.Debug|x64.ActiveCfg = Debug|Any CPU
		{CF7F63CA-CB85-41F6-9FC7-6AF2936CFAC2}.Debug|x64.Build.0 = Debug|Any CPU
		{CF7F63CA-CB85-41F6-9FC7-6AF2936CFAC2}.Debug|x86.ActiveCfg = Debug|Any CPU
		{CF7F63CA-CB85-41F6-9FC7-6AF2936CFAC2}.Debug|x86.Build.0 = Debug|Any CPU
		{CF7F63CA-CB85-41F6-9FC7-6AF2936CFAC2}.Release|Any CPU.ActiveCfg = Release|Any CPU
		{CF7F63CA-CB85-41F6-9FC7-6AF2936CFAC2}.Release|Any CPU.Build.0 = Release|Any CPU
		{CF7F63CA-CB85-41F6-9FC7-6AF2936CFAC2}.Release|x64.ActiveCfg = Release|Any CPU
		{CF7F63CA-CB85-41F6-9FC7-6AF2936CFAC2}.Release|x64.Build.0 = Release|Any CPU
		{CF7F63CA-CB85-41F6-9FC7-6AF2936CFAC2}.Release|x86.ActiveCfg = Release|Any CPU
		{CF7F63CA-CB85-41F6-9FC7-6AF2936CFAC2}.Release|x86.Build.0 = Release|Any CPU
		{D458A80A-7816-4ED6-BB77-D541085C704C}.Debug|Any CPU.ActiveCfg = Debug|Any CPU
		{D458A80A-7816-4ED6-BB77-D541085C704C}.Debug|Any CPU.Build.0 = Debug|Any CPU
		{D458A80A-7816-4ED6-BB77-D541085C704C}.Debug|x64.ActiveCfg = Debug|Any CPU
		{D458A80A-7816-4ED6-BB77-D541085C704C}.Debug|x64.Build.0 = Debug|Any CPU
		{D458A80A-7816-4ED6-BB77-D541085C704C}.Debug|x86.ActiveCfg = Debug|Any CPU
		{D458A80A-7816-4ED6-BB77-D541085C704C}.Debug|x86.Build.0 = Debug|Any CPU
		{D458A80A-7816-4ED6-BB77-D541085C704C}.Release|Any CPU.ActiveCfg = Release|Any CPU
		{D458A80A-7816-4ED6-BB77-D541085C704C}.Release|Any CPU.Build.0 = Release|Any CPU
		{D458A80A-7816-4ED6-BB77-D541085C704C}.Release|x64.ActiveCfg = Release|Any CPU
		{D458A80A-7816-4ED6-BB77-D541085C704C}.Release|x64.Build.0 = Release|Any CPU
		{D458A80A-7816-4ED6-BB77-D541085C704C}.Release|x86.ActiveCfg = Release|Any CPU
		{D458A80A-7816-4ED6-BB77-D541085C704C}.Release|x86.Build.0 = Release|Any CPU
		{4977BB88-B3C9-4296-AB96-27C45B88E647}.Debug|Any CPU.ActiveCfg = Debug|Any CPU
		{4977BB88-B3C9-4296-AB96-27C45B88E647}.Debug|Any CPU.Build.0 = Debug|Any CPU
		{4977BB88-B3C9-4296-AB96-27C45B88E647}.Debug|x64.ActiveCfg = Debug|Any CPU
		{4977BB88-B3C9-4296-AB96-27C45B88E647}.Debug|x64.Build.0 = Debug|Any CPU
		{4977BB88-B3C9-4296-AB96-27C45B88E647}.Debug|x86.ActiveCfg = Debug|Any CPU
		{4977BB88-B3C9-4296-AB96-27C45B88E647}.Debug|x86.Build.0 = Debug|Any CPU
		{4977BB88-B3C9-4296-AB96-27C45B88E647}.Release|Any CPU.ActiveCfg = Release|Any CPU
		{4977BB88-B3C9-4296-AB96-27C45B88E647}.Release|Any CPU.Build.0 = Release|Any CPU
		{4977BB88-B3C9-4296-AB96-27C45B88E647}.Release|x64.ActiveCfg = Release|Any CPU
		{4977BB88-B3C9-4296-AB96-27C45B88E647}.Release|x64.Build.0 = Release|Any CPU
		{4977BB88-B3C9-4296-AB96-27C45B88E647}.Release|x86.ActiveCfg = Release|Any CPU
		{4977BB88-B3C9-4296-AB96-27C45B88E647}.Release|x86.Build.0 = Release|Any CPU
		{D3CBA679-143C-4171-AC60-3129E90C2117}.Debug|Any CPU.ActiveCfg = Debug|Any CPU
		{D3CBA679-143C-4171-AC60-3129E90C2117}.Debug|Any CPU.Build.0 = Debug|Any CPU
		{D3CBA679-143C-4171-AC60-3129E90C2117}.Debug|x64.ActiveCfg = Debug|Any CPU
		{D3CBA679-143C-4171-AC60-3129E90C2117}.Debug|x64.Build.0 = Debug|Any CPU
		{D3CBA679-143C-4171-AC60-3129E90C2117}.Debug|x86.ActiveCfg = Debug|Any CPU
		{D3CBA679-143C-4171-AC60-3129E90C2117}.Debug|x86.Build.0 = Debug|Any CPU
		{D3CBA679-143C-4171-AC60-3129E90C2117}.Release|Any CPU.ActiveCfg = Release|Any CPU
		{D3CBA679-143C-4171-AC60-3129E90C2117}.Release|Any CPU.Build.0 = Release|Any CPU
		{D3CBA679-143C-4171-AC60-3129E90C2117}.Release|x64.ActiveCfg = Release|Any CPU
		{D3CBA679-143C-4171-AC60-3129E90C2117}.Release|x64.Build.0 = Release|Any CPU
		{D3CBA679-143C-4171-AC60-3129E90C2117}.Release|x86.ActiveCfg = Release|Any CPU
		{D3CBA679-143C-4171-AC60-3129E90C2117}.Release|x86.Build.0 = Release|Any CPU
		{4C92EECB-02F0-40C1-96E9-892737488CE3}.Debug|Any CPU.ActiveCfg = Debug|Any CPU
		{4C92EECB-02F0-40C1-96E9-892737488CE3}.Debug|Any CPU.Build.0 = Debug|Any CPU
		{4C92EECB-02F0-40C1-96E9-892737488CE3}.Debug|x64.ActiveCfg = Debug|Any CPU
		{4C92EECB-02F0-40C1-96E9-892737488CE3}.Debug|x64.Build.0 = Debug|Any CPU
		{4C92EECB-02F0-40C1-96E9-892737488CE3}.Debug|x86.ActiveCfg = Debug|Any CPU
		{4C92EECB-02F0-40C1-96E9-892737488CE3}.Debug|x86.Build.0 = Debug|Any CPU
		{4C92EECB-02F0-40C1-96E9-892737488CE3}.Release|Any CPU.ActiveCfg = Release|Any CPU
		{4C92EECB-02F0-40C1-96E9-892737488CE3}.Release|Any CPU.Build.0 = Release|Any CPU
		{4C92EECB-02F0-40C1-96E9-892737488CE3}.Release|x64.ActiveCfg = Release|Any CPU
		{4C92EECB-02F0-40C1-96E9-892737488CE3}.Release|x64.Build.0 = Release|Any CPU
		{4C92EECB-02F0-40C1-96E9-892737488CE3}.Release|x86.ActiveCfg = Release|Any CPU
		{4C92EECB-02F0-40C1-96E9-892737488CE3}.Release|x86.Build.0 = Release|Any CPU
		{F83CCD08-B4A6-40FC-9E4B-7A4C043CF308}.Debug|Any CPU.ActiveCfg = Debug|Any CPU
		{F83CCD08-B4A6-40FC-9E4B-7A4C043CF308}.Debug|Any CPU.Build.0 = Debug|Any CPU
		{F83CCD08-B4A6-40FC-9E4B-7A4C043CF308}.Debug|x64.ActiveCfg = Debug|Any CPU
		{F83CCD08-B4A6-40FC-9E4B-7A4C043CF308}.Debug|x64.Build.0 = Debug|Any CPU
		{F83CCD08-B4A6-40FC-9E4B-7A4C043CF308}.Debug|x86.ActiveCfg = Debug|Any CPU
		{F83CCD08-B4A6-40FC-9E4B-7A4C043CF308}.Debug|x86.Build.0 = Debug|Any CPU
		{F83CCD08-B4A6-40FC-9E4B-7A4C043CF308}.Release|Any CPU.ActiveCfg = Release|Any CPU
		{F83CCD08-B4A6-40FC-9E4B-7A4C043CF308}.Release|Any CPU.Build.0 = Release|Any CPU
		{F83CCD08-B4A6-40FC-9E4B-7A4C043CF308}.Release|x64.ActiveCfg = Release|Any CPU
		{F83CCD08-B4A6-40FC-9E4B-7A4C043CF308}.Release|x64.Build.0 = Release|Any CPU
		{F83CCD08-B4A6-40FC-9E4B-7A4C043CF308}.Release|x86.ActiveCfg = Release|Any CPU
		{F83CCD08-B4A6-40FC-9E4B-7A4C043CF308}.Release|x86.Build.0 = Release|Any CPU
		{DDB46BDC-59A2-4C08-BC85-4FDBF5A7267E}.Debug|Any CPU.ActiveCfg = Debug|Any CPU
		{DDB46BDC-59A2-4C08-BC85-4FDBF5A7267E}.Debug|Any CPU.Build.0 = Debug|Any CPU
		{DDB46BDC-59A2-4C08-BC85-4FDBF5A7267E}.Debug|x64.ActiveCfg = Debug|Any CPU
		{DDB46BDC-59A2-4C08-BC85-4FDBF5A7267E}.Debug|x64.Build.0 = Debug|Any CPU
		{DDB46BDC-59A2-4C08-BC85-4FDBF5A7267E}.Debug|x86.ActiveCfg = Debug|Any CPU
		{DDB46BDC-59A2-4C08-BC85-4FDBF5A7267E}.Debug|x86.Build.0 = Debug|Any CPU
		{DDB46BDC-59A2-4C08-BC85-4FDBF5A7267E}.Release|Any CPU.ActiveCfg = Release|Any CPU
		{DDB46BDC-59A2-4C08-BC85-4FDBF5A7267E}.Release|Any CPU.Build.0 = Release|Any CPU
		{DDB46BDC-59A2-4C08-BC85-4FDBF5A7267E}.Release|x64.ActiveCfg = Release|Any CPU
		{DDB46BDC-59A2-4C08-BC85-4FDBF5A7267E}.Release|x64.Build.0 = Release|Any CPU
		{DDB46BDC-59A2-4C08-BC85-4FDBF5A7267E}.Release|x86.ActiveCfg = Release|Any CPU
		{DDB46BDC-59A2-4C08-BC85-4FDBF5A7267E}.Release|x86.Build.0 = Release|Any CPU
		{DD72228C-48C0-4CF6-9FF2-73121D1D2D05}.Debug|Any CPU.ActiveCfg = Debug|Any CPU
		{DD72228C-48C0-4CF6-9FF2-73121D1D2D05}.Debug|Any CPU.Build.0 = Debug|Any CPU
		{DD72228C-48C0-4CF6-9FF2-73121D1D2D05}.Debug|x64.ActiveCfg = Debug|Any CPU
		{DD72228C-48C0-4CF6-9FF2-73121D1D2D05}.Debug|x64.Build.0 = Debug|Any CPU
		{DD72228C-48C0-4CF6-9FF2-73121D1D2D05}.Debug|x86.ActiveCfg = Debug|Any CPU
		{DD72228C-48C0-4CF6-9FF2-73121D1D2D05}.Debug|x86.Build.0 = Debug|Any CPU
		{DD72228C-48C0-4CF6-9FF2-73121D1D2D05}.Release|Any CPU.ActiveCfg = Release|Any CPU
		{DD72228C-48C0-4CF6-9FF2-73121D1D2D05}.Release|Any CPU.Build.0 = Release|Any CPU
		{DD72228C-48C0-4CF6-9FF2-73121D1D2D05}.Release|x64.ActiveCfg = Release|Any CPU
		{DD72228C-48C0-4CF6-9FF2-73121D1D2D05}.Release|x64.Build.0 = Release|Any CPU
		{DD72228C-48C0-4CF6-9FF2-73121D1D2D05}.Release|x86.ActiveCfg = Release|Any CPU
		{DD72228C-48C0-4CF6-9FF2-73121D1D2D05}.Release|x86.Build.0 = Release|Any CPU
	EndGlobalSection
	GlobalSection(SolutionProperties) = preSolution
		HideSolutionNode = FALSE
	EndGlobalSection
	GlobalSection(NestedProjects) = preSolution
		{9F1F3CBB-D5C1-44C2-BC5B-DD053D59D92C} = {F02DAD68-D55B-4565-A173-E987B88123FA}
		{CF7F63CA-CB85-41F6-9FC7-6AF2936CFAC2} = {F02DAD68-D55B-4565-A173-E987B88123FA}
		{D458A80A-7816-4ED6-BB77-D541085C704C} = {F02DAD68-D55B-4565-A173-E987B88123FA}
		{4977BB88-B3C9-4296-AB96-27C45B88E647} = {F02DAD68-D55B-4565-A173-E987B88123FA}
		{D3CBA679-143C-4171-AC60-3129E90C2117} = {F02DAD68-D55B-4565-A173-E987B88123FA}
		{4C92EECB-02F0-40C1-96E9-892737488CE3} = {F02DAD68-D55B-4565-A173-E987B88123FA}
		{F83CCD08-B4A6-40FC-9E4B-7A4C043CF308} = {F02DAD68-D55B-4565-A173-E987B88123FA}
		{DDB46BDC-59A2-4C08-BC85-4FDBF5A7267E} = {F02DAD68-D55B-4565-A173-E987B88123FA}
		{DD72228C-48C0-4CF6-9FF2-73121D1D2D05} = {F02DAD68-D55B-4565-A173-E987B88123FA}
	EndGlobalSection
	GlobalSection(ExtensibilityGlobals) = postSolution
		SolutionGuid = {AEA97FA4-B391-4674-9361-E5ADCEE51453}
	EndGlobalSection
EndGlobal
